
Microsoft Visual Studio Solution File, Format Version 12.00
# Visual Studio Version 17
VisualStudioVersion = 17.5.002.0
MinimumVisualStudioVersion = 10.0.40219.1
Project("{9A19103F-16F7-4668-BE54-9A1E7A4F7556}") = "API", "API.csproj", "{7109C299-E2BC-41DD-B607-B62E36AC8CBB}"
EndProject
Global
	GlobalSection(SolutionConfigurationPlatforms) = preSolution
		Debug|Any CPU = Debug|Any CPU
		Release|Any CPU = Release|Any CPU
	EndGlobalSection
	GlobalSection(ProjectConfigurationPlatforms) = postSolution
		{7109C299-E2BC-41DD-B607-B62E36AC8CBB}.Debug|Any CPU.ActiveCfg = Debug|Any CPU
		{7109C299-E2BC-41DD-B607-B62E36AC8CBB}.Debug|Any CPU.Build.0 = Debug|Any CPU
		{7109C299-E2BC-41DD-B607-B62E36AC8CBB}.Release|Any CPU.ActiveCfg = Release|Any CPU
		{7109C299-E2BC-41DD-B607-B62E36AC8CBB}.Release|Any CPU.Build.0 = Release|Any CPU
	EndGlobalSection
	GlobalSection(SolutionProperties) = preSolution
		HideSolutionNode = FALSE
	EndGlobalSection
	GlobalSection(ExtensibilityGlobals) = postSolution
		SolutionGuid = {4EA76547-DF0F-41B1-92A1-E949F42A7EDD}
	EndGlobalSection
EndGlobal
